
Microsoft Visual Studio Solution File, Format Version 12.00
# Visual Studio Version 17
VisualStudioVersion = 17.8.34309.116
MinimumVisualStudioVersion = 10.0.40219.1
Project("{FAE04EC0-301F-11D3-BF4B-00C04F79EFBC}") = "TrainningAppV3", "TrainningAppV3\TrainningAppV3\TrainningAppV3.csproj", "{6CA7C1BF-AAD6-459E-BB18-364668C285DB}"
EndProject
Project("{FAE04EC0-301F-11D3-BF4B-00C04F79EFBC}") = "TrainningAppV3.Client", "TrainningAppV3\TrainningAppV3.Client\TrainningAppV3.Client.csproj", "{5C766B8E-75E3-444C-B964-B4DFCF452127}"
EndProject
Global
	GlobalSection(SolutionConfigurationPlatforms) = preSolution
		Debug|Any CPU = Debug|Any CPU
		Release|Any CPU = Release|Any CPU
	EndGlobalSection
	GlobalSection(ProjectConfigurationPlatforms) = postSolution
		{6CA7C1BF-AAD6-459E-BB18-364668C285DB}.Debug|Any CPU.ActiveCfg = Debug|Any CPU
		{6CA7C1BF-AAD6-459E-BB18-364668C285DB}.Debug|Any CPU.Build.0 = Debug|Any CPU
		{6CA7C1BF-AAD6-459E-BB18-364668C285DB}.Release|Any CPU.ActiveCfg = Release|Any CPU
		{6CA7C1BF-AAD6-459E-BB18-364668C285DB}.Release|Any CPU.Build.0 = Release|Any CPU
		{5C766B8E-75E3-444C-B964-B4DFCF452127}.Debug|Any CPU.ActiveCfg = Debug|Any CPU
		{5C766B8E-75E3-444C-B964-B4DFCF452127}.Debug|Any CPU.Build.0 = Debug|Any CPU
		{5C766B8E-75E3-444C-B964-B4DFCF452127}.Release|Any CPU.ActiveCfg = Release|Any CPU
		{5C766B8E-75E3-444C-B964-B4DFCF452127}.Release|Any CPU.Build.0 = Release|Any CPU
	EndGlobalSection
	GlobalSection(SolutionProperties) = preSolution
		HideSolutionNode = FALSE
	EndGlobalSection
	GlobalSection(ExtensibilityGlobals) = postSolution
		SolutionGuid = {F876609F-4BF0-48A6-8093-1EC2A1687C76}
	EndGlobalSection
EndGlobal
